{
  "name": "js-parse-xml",
  "version": "1.2.1",
  "lockfileVersion": 2,
  "requires": true,
  "packages": {
    "": {
      "name": "js-parse-xml",
      "version": "1.2.1",
      "license": "ISC",
      "dependencies": {
        "event-stream": "^4.0.1"
      },
      "devDependencies": {
        "@types/jest": "^27.0.3"
      }
    },
    "node_modules/@jest/types": {
      "version": "27.4.2",
      "resolved": "https://registry.npmjs.org/@jest/types/-/types-27.4.2.tgz",
      "integrity": "sha512-j35yw0PMTPpZsUoOBiuHzr1zTYoad1cVIE0ajEjcrJONxxrko/IRGKkXx3os0Nsi4Hu3+5VmDbVfq5WhG/pWAg==",
      "dev": true,
      "dependencies": {
        "@types/istanbul-lib-coverage": "^2.0.0",
        "@types/istanbul-reports": "^3.0.0",
        "@types/node": "*",
        "@types/yargs": "^16.0.0",
        "chalk": "^4.0.0"
      },
      "engines": {
        "node": "^10.13.0 || ^12.13.0 || ^14.15.0 || >=15.0.0"
      }
    },
    "node_modules/@types/istanbul-lib-coverage": {
      "version": "2.0.3",
      "resolved": "https://registry.npmjs.org/@types/istanbul-lib-coverage/-/istanbul-lib-coverage-2.0.3.tgz",
      "integrity": "sha512-sz7iLqvVUg1gIedBOvlkxPlc8/uVzyS5OwGz1cKjXzkl3FpL3al0crU8YGU1WoHkxn0Wxbw5tyi6hvzJKNzFsw==",
      "dev": true
    },
    "node_modules/@types/istanbul-lib-report": {
      "version": "3.0.0",
      "resolved": "https://registry.npmjs.org/@types/istanbul-lib-report/-/istanbul-lib-report-3.0.0.tgz",
      "integrity": "sha512-plGgXAPfVKFoYfa9NpYDAkseG+g6Jr294RqeqcqDixSbU34MZVJRi/P+7Y8GDpzkEwLaGZZOpKIEmeVZNtKsrg==",
      "dev": true,
      "dependencies": {
        "@types/istanbul-lib-coverage": "*"
      }
    },
    "node_modules/@types/istanbul-reports": {
      "version": "3.0.1",
      "resolved": "https://registry.npmjs.org/@types/istanbul-reports/-/istanbul-reports-3.0.1.tgz",
      "integrity": "sha512-c3mAZEuK0lvBp8tmuL74XRKn1+y2dcwOUpH7x4WrF6gk1GIgiluDRgMYQtw2OFcBvAJWlt6ASU3tSqxp0Uu0Aw==",
      "dev": true,
      "dependencies": {
        "@types/istanbul-lib-report": "*"
      }
    },
    "node_modules/@types/jest": {
      "version": "27.0.3",
      "resolved": "https://registry.npmjs.org/@types/jest/-/jest-27.0.3.tgz",
      "integrity": "sha512-cmmwv9t7gBYt7hNKH5Spu7Kuu/DotGa+Ff+JGRKZ4db5eh8PnKS4LuebJ3YLUoyOyIHraTGyULn23YtEAm0VSg==",
      "dev": true,
      "dependencies": {
        "jest-diff": "^27.0.0",
        "pretty-format": "^27.0.0"
      }
    },
    "node_modules/@types/node": {
      "version": "16.11.12",
      "resolved": "https://registry.npmjs.org/@types/node/-/node-16.11.12.tgz",
      "integrity": "sha512-+2Iggwg7PxoO5Kyhvsq9VarmPbIelXP070HMImEpbtGCoyWNINQj4wzjbQCXzdHTRXnqufutJb5KAURZANNBAw==",
      "dev": true
    },
    "node_modules/@types/yargs": {
      "version": "16.0.4",
      "resolved": "https://registry.npmjs.org/@types/yargs/-/yargs-16.0.4.tgz",
      "integrity": "sha512-T8Yc9wt/5LbJyCaLiHPReJa0kApcIgJ7Bn735GjItUfh08Z1pJvu8QZqb9s+mMvKV6WUQRV7K2R46YbjMXTTJw==",
      "dev": true,
      "dependencies": {
        "@types/yargs-parser": "*"
      }
    },
    "node_modules/@types/yargs-parser": {
      "version": "20.2.1",
      "resolved": "https://registry.npmjs.org/@types/yargs-parser/-/yargs-parser-20.2.1.tgz",
      "integrity": "sha512-7tFImggNeNBVMsn0vLrpn1H1uPrUBdnARPTpZoitY37ZrdJREzf7I16tMrlK3hen349gr1NYh8CmZQa7CTG6Aw==",
      "dev": true
    },
    "node_modules/ansi-regex": {
      "version": "5.0.1",
      "resolved": "https://registry.npmjs.org/ansi-regex/-/ansi-regex-5.0.1.tgz",
      "integrity": "sha512-quJQXlTSUGL2LH9SUXo8VwsY4soanhgo6LNSm84E1LBcE8s3O0wpdiRzyR9z/ZZJMlMWv37qOOb9pdJlMUEKFQ==",
      "dev": true,
      "engines": {
        "node": ">=8"
      }
    },
    "node_modules/ansi-styles": {
      "version": "4.3.0",
      "resolved": "https://registry.npmjs.org/ansi-styles/-/ansi-styles-4.3.0.tgz",
      "integrity": "sha512-zbB9rCJAT1rbjiVDb2hqKFHNYLxgtk8NURxZ3IZwD3F6NtxbXZQCnnSi1Lkx+IDohdPlFp222wVALIheZJQSEg==",
      "dev": true,
      "dependencies": {
        "color-convert": "^2.0.1"
      },
      "engines": {
        "node": ">=8"
      },
      "funding": {
        "url": "https://github.com/chalk/ansi-styles?sponsor=1"
      }
    },
    "node_modules/chalk": {
      "version": "4.1.2",
      "resolved": "https://registry.npmjs.org/chalk/-/chalk-4.1.2.tgz",
      "integrity": "sha512-oKnbhFyRIXpUuez8iBMmyEa4nbj4IOQyuhc/wy9kY7/WVPcwIO9VA668Pu8RkO7+0G76SLROeyw9CpQ061i4mA==",
      "dev": true,
      "dependencies": {
        "ansi-styles": "^4.1.0",
        "supports-color": "^7.1.0"
      },
      "engines": {
        "node": ">=10"
      },
      "funding": {
        "url": "https://github.com/chalk/chalk?sponsor=1"
      }
    },
    "node_modules/color-convert": {
      "version": "2.0.1",
      "resolved": "https://registry.npmjs.org/color-convert/-/color-convert-2.0.1.tgz",
      "integrity": "sha512-RRECPsj7iu/xb5oKYcsFHSppFNnsj/52OVTRKb4zP5onXwVF3zVmmToNcOfGC+CRDpfK/U584fMg38ZHCaElKQ==",
      "dev": true,
      "dependencies": {
        "color-name": "~1.1.4"
      },
      "engines": {
        "node": ">=7.0.0"
      }
    },
    "node_modules/color-name": {
      "version": "1.1.4",
      "resolved": "https://registry.npmjs.org/color-name/-/color-name-1.1.4.tgz",
      "integrity": "sha512-dOy+3AuW3a2wNbZHIuMZpTcgjGuLU/uBL/ubcZF9OXbDo8ff4O8yVp5Bf0efS8uEoYo5q4Fx7dY9OgQGXgAsQA==",
      "dev": true
    },
    "node_modules/diff-sequences": {
      "version": "27.4.0",
      "resolved": "https://registry.npmjs.org/diff-sequences/-/diff-sequences-27.4.0.tgz",
      "integrity": "sha512-YqiQzkrsmHMH5uuh8OdQFU9/ZpADnwzml8z0O5HvRNda+5UZsaX/xN+AAxfR2hWq1Y7HZnAzO9J5lJXOuDz2Ww==",
      "dev": true,
      "engines": {
        "node": "^10.13.0 || ^12.13.0 || ^14.15.0 || >=15.0.0"
      }
    },
    "node_modules/duplexer": {
      "version": "0.1.2",
      "resolved": "https://registry.npmjs.org/duplexer/-/duplexer-0.1.2.tgz",
      "integrity": "sha512-jtD6YG370ZCIi/9GTaJKQxWTZD045+4R4hTk/x1UyoqadyJ9x9CgSi1RlVDQF8U2sxLLSnFkCaMihqljHIWgMg=="
    },
    "node_modules/event-stream": {
      "version": "4.0.1",
      "resolved": "https://registry.npmjs.org/event-stream/-/event-stream-4.0.1.tgz",
      "integrity": "sha512-qACXdu/9VHPBzcyhdOWR5/IahhGMf0roTeZJfzz077GwylcDd90yOHLouhmv7GJ5XzPi6ekaQWd8AvPP2nOvpA==",
      "dependencies": {
        "duplexer": "^0.1.1",
        "from": "^0.1.7",
        "map-stream": "0.0.7",
        "pause-stream": "^0.0.11",
        "split": "^1.0.1",
        "stream-combiner": "^0.2.2",
        "through": "^2.3.8"
      }
    },
    "node_modules/from": {
      "version": "0.1.7",
      "resolved": "https://registry.npmjs.org/from/-/from-0.1.7.tgz",
      "integrity": "sha1-g8YK/Fi5xWmXAH7Rp2izqzA6RP4="
    },
    "node_modules/has-flag": {
      "version": "4.0.0",
      "resolved": "https://registry.npmjs.org/has-flag/-/has-flag-4.0.0.tgz",
      "integrity": "sha512-EykJT/Q1KjTWctppgIAgfSO0tKVuZUjhgMr17kqTumMl6Afv3EISleU7qZUzoXDFTAHTDC4NOoG/ZxU3EvlMPQ==",
      "dev": true,
      "engines": {
        "node": ">=8"
      }
    },
    "node_modules/jest-diff": {
      "version": "27.4.2",
      "resolved": "https://registry.npmjs.org/jest-diff/-/jest-diff-27.4.2.tgz",
      "integrity": "sha512-ujc9ToyUZDh9KcqvQDkk/gkbf6zSaeEg9AiBxtttXW59H/AcqEYp1ciXAtJp+jXWva5nAf/ePtSsgWwE5mqp4Q==",
      "dev": true,
      "dependencies": {
        "chalk": "^4.0.0",
        "diff-sequences": "^27.4.0",
        "jest-get-type": "^27.4.0",
        "pretty-format": "^27.4.2"
      },
      "engines": {
        "node": "^10.13.0 || ^12.13.0 || ^14.15.0 || >=15.0.0"
      }
    },
    "node_modules/jest-get-type": {
      "version": "27.4.0",
      "resolved": "https://registry.npmjs.org/jest-get-type/-/jest-get-type-27.4.0.tgz",
      "integrity": "sha512-tk9o+ld5TWq41DkK14L4wox4s2D9MtTpKaAVzXfr5CUKm5ZK2ExcaFE0qls2W71zE/6R2TxxrK9w2r6svAFDBQ==",
      "dev": true,
      "engines": {
        "node": "^10.13.0 || ^12.13.0 || ^14.15.0 || >=15.0.0"
      }
    },
    "node_modules/map-stream": {
      "version": "0.0.7",
      "resolved": "https://registry.npmjs.org/map-stream/-/map-stream-0.0.7.tgz",
      "integrity": "sha1-ih8HiW2CsQkmvTdEokIACfiJdKg="
    },
    "node_modules/pause-stream": {
      "version": "0.0.11",
      "resolved": "https://registry.npmjs.org/pause-stream/-/pause-stream-0.0.11.tgz",
      "integrity": "sha1-/lo0sMvOErWqaitAPuLnO2AvFEU=",
      "dependencies": {
        "through": "~2.3"
      }
    },
    "node_modules/pretty-format": {
      "version": "27.4.2",
      "resolved": "https://registry.npmjs.org/pretty-format/-/pretty-format-27.4.2.tgz",
      "integrity": "sha512-p0wNtJ9oLuvgOQDEIZ9zQjZffK7KtyR6Si0jnXULIDwrlNF8Cuir3AZP0hHv0jmKuNN/edOnbMjnzd4uTcmWiw==",
      "dev": true,
      "dependencies": {
        "@jest/types": "^27.4.2",
        "ansi-regex": "^5.0.1",
        "ansi-styles": "^5.0.0",
        "react-is": "^17.0.1"
      },
      "engines": {
        "node": "^10.13.0 || ^12.13.0 || ^14.15.0 || >=15.0.0"
      }
    },
    "node_modules/pretty-format/node_modules/ansi-styles": {
      "version": "5.2.0",
      "resolved": "https://registry.npmjs.org/ansi-styles/-/ansi-styles-5.2.0.tgz",
      "integrity": "sha512-Cxwpt2SfTzTtXcfOlzGEee8O+c+MmUgGrNiBcXnuWxuFJHe6a5Hz7qwhwe5OgaSYI0IJvkLqWX1ASG+cJOkEiA==",
      "dev": true,
      "engines": {
        "node": ">=10"
      },
      "funding": {
        "url": "https://github.com/chalk/ansi-styles?sponsor=1"
      }
    },
    "node_modules/react-is": {
      "version": "17.0.2",
      "resolved": "https://registry.npmjs.org/react-is/-/react-is-17.0.2.tgz",
      "integrity": "sha512-w2GsyukL62IJnlaff/nRegPQR94C/XXamvMWmSHRJ4y7Ts/4ocGRmTHvOs8PSE6pB3dWOrD/nueuU5sduBsQ4w==",
      "dev": true
    },
    "node_modules/split": {
      "version": "1.0.1",
      "resolved": "https://registry.npmjs.org/split/-/split-1.0.1.tgz",
      "integrity": "sha512-mTyOoPbrivtXnwnIxZRFYRrPNtEFKlpB2fvjSnCQUiAA6qAZzqwna5envK4uk6OIeP17CsdF3rSBGYVBsU0Tkg==",
      "dependencies": {
        "through": "2"
      },
      "engines": {
        "node": "*"
      }
    },
    "node_modules/stream-combiner": {
      "version": "0.2.2",
      "resolved": "https://registry.npmjs.org/stream-combiner/-/stream-combiner-0.2.2.tgz",
      "integrity": "sha1-rsjLrBd7Vrb0+kec7YwZEs7lKFg=",
      "dependencies": {
        "duplexer": "~0.1.1",
        "through": "~2.3.4"
      }
    },
    "node_modules/supports-color": {
      "version": "7.2.0",
      "resolved": "https://registry.npmjs.org/supports-color/-/supports-color-7.2.0.tgz",
      "integrity": "sha512-qpCAvRl9stuOHveKsn7HncJRvv501qIacKzQlO/+Lwxc9+0q2wLyv4Dfvt80/DPn2pqOBsJdDiogXGR9+OvwRw==",
      "dev": true,
      "dependencies": {
        "has-flag": "^4.0.0"
      },
      "engines": {
        "node": ">=8"
      }
    },
    "node_modules/through": {
      "version": "2.3.8",
      "resolved": "https://registry.npmjs.org/through/-/through-2.3.8.tgz",
      "integrity": "sha1-DdTJ/6q8NXlgsbckEV1+Doai4fU="
    }
  },
  "dependencies": {
    "@jest/types": {
      "version": "27.4.2",
      "resolved": "https://registry.npmjs.org/@jest/types/-/types-27.4.2.tgz",
      "integrity": "sha512-j35yw0PMTPpZsUoOBiuHzr1zTYoad1cVIE0ajEjcrJONxxrko/IRGKkXx3os0Nsi4Hu3+5VmDbVfq5WhG/pWAg==",
      "dev": true,
      "requires": {
        "@types/istanbul-lib-coverage": "^2.0.0",
        "@types/istanbul-reports": "^3.0.0",
        "@types/node": "*",
        "@types/yargs": "^16.0.0",
        "chalk": "^4.0.0"
      }
    },
    "@types/istanbul-lib-coverage": {
      "version": "2.0.3",
      "resolved": "https://registry.npmjs.org/@types/istanbul-lib-coverage/-/istanbul-lib-coverage-2.0.3.tgz",
      "integrity": "sha512-sz7iLqvVUg1gIedBOvlkxPlc8/uVzyS5OwGz1cKjXzkl3FpL3al0crU8YGU1WoHkxn0Wxbw5tyi6hvzJKNzFsw==",
      "dev": true
    },
    "@types/istanbul-lib-report": {
      "version": "3.0.0",
      "resolved": "https://registry.npmjs.org/@types/istanbul-lib-report/-/istanbul-lib-report-3.0.0.tgz",
      "integrity": "sha512-plGgXAPfVKFoYfa9NpYDAkseG+g6Jr294RqeqcqDixSbU34MZVJRi/P+7Y8GDpzkEwLaGZZOpKIEmeVZNtKsrg==",
      "dev": true,
      "requires": {
        "@types/istanbul-lib-coverage": "*"
      }
    },
    "@types/istanbul-reports": {
      "version": "3.0.1",
      "resolved": "https://registry.npmjs.org/@types/istanbul-reports/-/istanbul-reports-3.0.1.tgz",
      "integrity": "sha512-c3mAZEuK0lvBp8tmuL74XRKn1+y2dcwOUpH7x4WrF6gk1GIgiluDRgMYQtw2OFcBvAJWlt6ASU3tSqxp0Uu0Aw==",
      "dev": true,
      "requires": {
        "@types/istanbul-lib-report": "*"
      }
    },
    "@types/jest": {
      "version": "27.0.3",
      "resolved": "https://registry.npmjs.org/@types/jest/-/jest-27.0.3.tgz",
      "integrity": "sha512-cmmwv9t7gBYt7hNKH5Spu7Kuu/DotGa+Ff+JGRKZ4db5eh8PnKS4LuebJ3YLUoyOyIHraTGyULn23YtEAm0VSg==",
      "dev": true,
      "requires": {
        "jest-diff": "^27.0.0",
        "pretty-format": "^27.0.0"
      }
    },
    "@types/node": {
      "version": "16.11.12",
      "resolved": "https://registry.npmjs.org/@types/node/-/node-16.11.12.tgz",
      "integrity": "sha512-+2Iggwg7PxoO5Kyhvsq9VarmPbIelXP070HMImEpbtGCoyWNINQj4wzjbQCXzdHTRXnqufutJb5KAURZANNBAw==",
      "dev": true
    },
    "@types/yargs": {
      "version": "16.0.4",
      "resolved": "https://registry.npmjs.org/@types/yargs/-/yargs-16.0.4.tgz",
      "integrity": "sha512-T8Yc9wt/5LbJyCaLiHPReJa0kApcIgJ7Bn735GjItUfh08Z1pJvu8QZqb9s+mMvKV6WUQRV7K2R46YbjMXTTJw==",
      "dev": true,
      "requires": {
        "@types/yargs-parser": "*"
      }
    },
    "@types/yargs-parser": {
      "version": "20.2.1",
      "resolved": "https://registry.npmjs.org/@types/yargs-parser/-/yargs-parser-20.2.1.tgz",
      "integrity": "sha512-7tFImggNeNBVMsn0vLrpn1H1uPrUBdnARPTpZoitY37ZrdJREzf7I16tMrlK3hen349gr1NYh8CmZQa7CTG6Aw==",
      "dev": true
    },
    "ansi-regex": {
      "version": "5.0.1",
      "resolved": "https://registry.npmjs.org/ansi-regex/-/ansi-regex-5.0.1.tgz",
      "integrity": "sha512-quJQXlTSUGL2LH9SUXo8VwsY4soanhgo6LNSm84E1LBcE8s3O0wpdiRzyR9z/ZZJMlMWv37qOOb9pdJlMUEKFQ==",
      "dev": true
    },
    "ansi-styles": {
      "version": "4.3.0",
      "resolved": "https://registry.npmjs.org/ansi-styles/-/ansi-styles-4.3.0.tgz",
      "integrity": "sha512-zbB9rCJAT1rbjiVDb2hqKFHNYLxgtk8NURxZ3IZwD3F6NtxbXZQCnnSi1Lkx+IDohdPlFp222wVALIheZJQSEg==",
      "dev": true,
      "requires": {
        "color-convert": "^2.0.1"
      }
    },
    "chalk": {
      "version": "4.1.2",
      "resolved": "https://registry.npmjs.org/chalk/-/chalk-4.1.2.tgz",
      "integrity": "sha512-oKnbhFyRIXpUuez8iBMmyEa4nbj4IOQyuhc/wy9kY7/WVPcwIO9VA668Pu8RkO7+0G76SLROeyw9CpQ061i4mA==",
      "dev": true,
      "requires": {
        "ansi-styles": "^4.1.0",
        "supports-color": "^7.1.0"
      }
    },
    "color-convert": {
      "version": "2.0.1",
      "resolved": "https://registry.npmjs.org/color-convert/-/color-convert-2.0.1.tgz",
      "integrity": "sha512-RRECPsj7iu/xb5oKYcsFHSppFNnsj/52OVTRKb4zP5onXwVF3zVmmToNcOfGC+CRDpfK/U584fMg38ZHCaElKQ==",
      "dev": true,
      "requires": {
        "color-name": "~1.1.4"
      }
    },
    "color-name": {
      "version": "1.1.4",
      "resolved": "https://registry.npmjs.org/color-name/-/color-name-1.1.4.tgz",
      "integrity": "sha512-dOy+3AuW3a2wNbZHIuMZpTcgjGuLU/uBL/ubcZF9OXbDo8ff4O8yVp5Bf0efS8uEoYo5q4Fx7dY9OgQGXgAsQA==",
      "dev": true
    },
    "diff-sequences": {
      "version": "27.4.0",
      "resolved": "https://registry.npmjs.org/diff-sequences/-/diff-sequences-27.4.0.tgz",
      "integrity": "sha512-YqiQzkrsmHMH5uuh8OdQFU9/ZpADnwzml8z0O5HvRNda+5UZsaX/xN+AAxfR2hWq1Y7HZnAzO9J5lJXOuDz2Ww==",
      "dev": true
    },
    "duplexer": {
      "version": "0.1.2",
      "resolved": "https://registry.npmjs.org/duplexer/-/duplexer-0.1.2.tgz",
      "integrity": "sha512-jtD6YG370ZCIi/9GTaJKQxWTZD045+4R4hTk/x1UyoqadyJ9x9CgSi1RlVDQF8U2sxLLSnFkCaMihqljHIWgMg=="
    },
    "event-stream": {
      "version": "4.0.1",
      "resolved": "https://registry.npmjs.org/event-stream/-/event-stream-4.0.1.tgz",
      "integrity": "sha512-qACXdu/9VHPBzcyhdOWR5/IahhGMf0roTeZJfzz077GwylcDd90yOHLouhmv7GJ5XzPi6ekaQWd8AvPP2nOvpA==",
      "requires": {
        "duplexer": "^0.1.1",
        "from": "^0.1.7",
        "map-stream": "0.0.7",
        "pause-stream": "^0.0.11",
        "split": "^1.0.1",
        "stream-combiner": "^0.2.2",
        "through": "^2.3.8"
      }
    },
    "from": {
      "version": "0.1.7",
      "resolved": "https://registry.npmjs.org/from/-/from-0.1.7.tgz",
      "integrity": "sha1-g8YK/Fi5xWmXAH7Rp2izqzA6RP4="
    },
    "has-flag": {
      "version": "4.0.0",
      "resolved": "https://registry.npmjs.org/has-flag/-/has-flag-4.0.0.tgz",
      "integrity": "sha512-EykJT/Q1KjTWctppgIAgfSO0tKVuZUjhgMr17kqTumMl6Afv3EISleU7qZUzoXDFTAHTDC4NOoG/ZxU3EvlMPQ==",
      "dev": true
    },
    "jest-diff": {
      "version": "27.4.2",
      "resolved": "https://registry.npmjs.org/jest-diff/-/jest-diff-27.4.2.tgz",
      "integrity": "sha512-ujc9ToyUZDh9KcqvQDkk/gkbf6zSaeEg9AiBxtttXW59H/AcqEYp1ciXAtJp+jXWva5nAf/ePtSsgWwE5mqp4Q==",
      "dev": true,
      "requires": {
        "chalk": "^4.0.0",
        "diff-sequences": "^27.4.0",
        "jest-get-type": "^27.4.0",
        "pretty-format": "^27.4.2"
      }
    },
    "jest-get-type": {
      "version": "27.4.0",
      "resolved": "https://registry.npmjs.org/jest-get-type/-/jest-get-type-27.4.0.tgz",
      "integrity": "sha512-tk9o+ld5TWq41DkK14L4wox4s2D9MtTpKaAVzXfr5CUKm5ZK2ExcaFE0qls2W71zE/6R2TxxrK9w2r6svAFDBQ==",
      "dev": true
    },
    "map-stream": {
      "version": "0.0.7",
      "resolved": "https://registry.npmjs.org/map-stream/-/map-stream-0.0.7.tgz",
      "integrity": "sha1-ih8HiW2CsQkmvTdEokIACfiJdKg="
    },
    "pause-stream": {
      "version": "0.0.11",
      "resolved": "https://registry.npmjs.org/pause-stream/-/pause-stream-0.0.11.tgz",
      "integrity": "sha1-/lo0sMvOErWqaitAPuLnO2AvFEU=",
      "requires": {
        "through": "~2.3"
      }
    },
    "pretty-format": {
      "version": "27.4.2",
      "resolved": "https://registry.npmjs.org/pretty-format/-/pretty-format-27.4.2.tgz",
      "integrity": "sha512-p0wNtJ9oLuvgOQDEIZ9zQjZffK7KtyR6Si0jnXULIDwrlNF8Cuir3AZP0hHv0jmKuNN/edOnbMjnzd4uTcmWiw==",
      "dev": true,
      "requires": {
        "@jest/types": "^27.4.2",
        "ansi-regex": "^5.0.1",
        "ansi-styles": "^5.0.0",
        "react-is": "^17.0.1"
      },
      "dependencies": {
        "ansi-styles": {
          "version": "5.2.0",
          "resolved": "https://registry.npmjs.org/ansi-styles/-/ansi-styles-5.2.0.tgz",
          "integrity": "sha512-Cxwpt2SfTzTtXcfOlzGEee8O+c+MmUgGrNiBcXnuWxuFJHe6a5Hz7qwhwe5OgaSYI0IJvkLqWX1ASG+cJOkEiA==",
          "dev": true
        }
      }
    },
    "react-is": {
      "version": "17.0.2",
      "resolved": "https://registry.npmjs.org/react-is/-/react-is-17.0.2.tgz",
      "integrity": "sha512-w2GsyukL62IJnlaff/nRegPQR94C/XXamvMWmSHRJ4y7Ts/4ocGRmTHvOs8PSE6pB3dWOrD/nueuU5sduBsQ4w==",
      "dev": true
    },
    "split": {
      "version": "1.0.1",
      "resolved": "https://registry.npmjs.org/split/-/split-1.0.1.tgz",
      "integrity": "sha512-mTyOoPbrivtXnwnIxZRFYRrPNtEFKlpB2fvjSnCQUiAA6qAZzqwna5envK4uk6OIeP17CsdF3rSBGYVBsU0Tkg==",
      "requires": {
        "through": "2"
      }
    },
    "stream-combiner": {
      "version": "0.2.2",
      "resolved": "https://registry.npmjs.org/stream-combiner/-/stream-combiner-0.2.2.tgz",
      "integrity": "sha1-rsjLrBd7Vrb0+kec7YwZEs7lKFg=",
      "requires": {
        "duplexer": "~0.1.1",
        "through": "~2.3.4"
      }
    },
    "supports-color": {
      "version": "7.2.0",
      "resolved": "https://registry.npmjs.org/supports-color/-/supports-color-7.2.0.tgz",
      "integrity": "sha512-qpCAvRl9stuOHveKsn7HncJRvv501qIacKzQlO/+Lwxc9+0q2wLyv4Dfvt80/DPn2pqOBsJdDiogXGR9+OvwRw==",
      "dev": true,
      "requires": {
        "has-flag": "^4.0.0"
      }
    },
    "through": {
      "version": "2.3.8",
      "resolved": "https://registry.npmjs.org/through/-/through-2.3.8.tgz",
      "integrity": "sha1-DdTJ/6q8NXlgsbckEV1+Doai4fU="
    }
  }
}
